
Microsoft Visual Studio Solution File, Format Version 12.00
# Visual Studio Version 17
VisualStudioVersion = 17.5.33424.131
MinimumVisualStudioVersion = 10.0.40219.1
Project("{9A19103F-16F7-4668-BE54-9A1E7A4F7556}") = "DataFlowExample", "DataFlowExample.csproj", "{39D1446F-4CB3-4E05-8132-3A49A31A30EF}"
EndProject
Project("{FAE04EC0-301F-11D3-BF4B-00C04F79EFBC}") = "ReadAndWriteDataFlow", "..\ReadAndWriteDataFlow\ReadAndWriteDataFlow.csproj", "{92270B7E-DBCD-400E-8F13-7025218D756B}"
EndProject
Project("{FAE04EC0-301F-11D3-BF4B-00C04F79EFBC}") = "ProducerConsumer", "..\ProducerConsumer\ProducerConsumer.csproj", "{4513C889-E38D-411A-B1F4-6C40288E2B9D}"
EndProject
Global
	GlobalSection(SolutionConfigurationPlatforms) = preSolution
		Debug|Any CPU = Debug|Any CPU
		Release|Any CPU = Release|Any CPU
	EndGlobalSection
	GlobalSection(ProjectConfigurationPlatforms) = postSolution
		{39D1446F-4CB3-4E05-8132-3A49A31A30EF}.Debug|Any CPU.ActiveCfg = Debug|Any CPU
		{39D1446F-4CB3-4E05-8132-3A49A31A30EF}.Debug|Any CPU.Build.0 = Debug|Any CPU
		{39D1446F-4CB3-4E05-8132-3A49A31A30EF}.Release|Any CPU.ActiveCfg = Release|Any CPU
		{39D1446F-4CB3-4E05-8132-3A49A31A30EF}.Release|Any CPU.Build.0 = Release|Any CPU
		{92270B7E-DBCD-400E-8F13-7025218D756B}.Debug|Any CPU.ActiveCfg = Debug|Any CPU
		{92270B7E-DBCD-400E-8F13-7025218D756B}.Debug|Any CPU.Build.0 = Debug|Any CPU
		{92270B7E-DBCD-400E-8F13-7025218D756B}.Release|Any CPU.ActiveCfg = Release|Any CPU
		{92270B7E-DBCD-400E-8F13-7025218D756B}.Release|Any CPU.Build.0 = Release|Any CPU
		{4513C889-E38D-411A-B1F4-6C40288E2B9D}.Debug|Any CPU.ActiveCfg = Debug|Any CPU
		{4513C889-E38D-411A-B1F4-6C40288E2B9D}.Debug|Any CPU.Build.0 = Debug|Any CPU
		{4513C889-E38D-411A-B1F4-6C40288E2B9D}.Release|Any CPU.ActiveCfg = Release|Any CPU
		{4513C889-E38D-411A-B1F4-6C40288E2B9D}.Release|Any CPU.Build.0 = Release|Any CPU
	EndGlobalSection
	GlobalSection(SolutionProperties) = preSolution
		HideSolutionNode = FALSE
	EndGlobalSection
	GlobalSection(ExtensibilityGlobals) = postSolution
		SolutionGuid = {985C50B0-8FC3-4BF4-929C-FA3BAB6CAEFC}
	EndGlobalSection
EndGlobal
